// !$*UTF8*$!
{
	archiveVersion = 1;
	classes = {
	};
	objectVersion = 48;
	objects = {

/* Begin PBXBuildFile section */
		141783D31FAF9C0A00F98849 /* FaceDetection.swift in Sources */ = {isa = PBXBuildFile; fileRef = 141783D21FAF9C0A00F98849 /* FaceDetection.swift */; };
		14824C451FBA5287007427A6 /* doggo.png in Resources */ = {isa = PBXBuildFile; fileRef = 14824C431FBA5287007427A6 /* doggo.png */; };
		14824C461FBA5287007427A6 /* cat.png in Resources */ = {isa = PBXBuildFile; fileRef = 14824C441FBA5287007427A6 /* cat.png */; };
		14AA8C291FAFB67F00023C0E /* FacebookViewController.swift in Sources */ = {isa = PBXBuildFile; fileRef = 14AA8C281FAFB67F00023C0E /* FacebookViewController.swift */; };
		14D496C81F9C6C790091D81D /* AppDelegate.swift in Sources */ = {isa = PBXBuildFile; fileRef = 14D496C71F9C6C790091D81D /* AppDelegate.swift */; };
		14D496CA1F9C6C790091D81D /* VideoSelectionController.swift in Sources */ = {isa = PBXBuildFile; fileRef = 14D496C91F9C6C790091D81D /* VideoSelectionController.swift */; };
		14D496CD1F9C6C790091D81D /* Main.storyboard in Resources */ = {isa = PBXBuildFile; fileRef = 14D496CB1F9C6C790091D81D /* Main.storyboard */; };
		14D496D21F9C6C790091D81D /* Assets.xcassets in Resources */ = {isa = PBXBuildFile; fileRef = 14D496D11F9C6C790091D81D /* Assets.xcassets */; };
		14D496D51F9C6C790091D81D /* LaunchScreen.storyboard in Resources */ = {isa = PBXBuildFile; fileRef = 14D496D31F9C6C790091D81D /* LaunchScreen.storyboard */; };
		14D496E01F9C6C790091D81D /* smileyTests.swift in Sources */ = {isa = PBXBuildFile; fileRef = 14D496DF1F9C6C790091D81D /* smileyTests.swift */; };
		14D496EB1F9C6C790091D81D /* smileyUITests.swift in Sources */ = {isa = PBXBuildFile; fileRef = 14D496EA1F9C6C790091D81D /* smileyUITests.swift */; };
		14D496FB1F9C6E690091D81D /* MainViewController.swift in Sources */ = {isa = PBXBuildFile; fileRef = 14D496FA1F9C6E690091D81D /* MainViewController.swift */; };
		F21968BD3AF238E40EB4B25E /* Pods_smiley.framework in Frameworks */ = {isa = PBXBuildFile; fileRef = E89CE66DD0ED1471F5A225F0 /* Pods_smiley.framework */; };
/* End PBXBuildFile section */

/* Begin PBXContainerItemProxy section */
		14D496DC1F9C6C790091D81D /* PBXContainerItemProxy */ = {
			isa = PBXContainerItemProxy;
			containerPortal = 14D496BC1F9C6C790091D81D /* Project object */;
			proxyType = 1;
			remoteGlobalIDString = 14D496C31F9C6C790091D81D;
			remoteInfo = smiley;
		};
		14D496E71F9C6C790091D81D /* PBXContainerItemProxy */ = {
			isa = PBXContainerItemProxy;
			containerPortal = 14D496BC1F9C6C790091D81D /* Project object */;
			proxyType = 1;
			remoteGlobalIDString = 14D496C31F9C6C790091D81D;
			remoteInfo = smiley;
		};
/* End PBXContainerItemProxy section */

/* Begin PBXFileReference section */
		141783D21FAF9C0A00F98849 /* FaceDetection.swift */ = {isa = PBXFileReference; lastKnownFileType = sourcecode.swift; path = FaceDetection.swift; sourceTree = "<group>"; };
		14824C431FBA5287007427A6 /* doggo.png */ = {isa = PBXFileReference; lastKnownFileType = image.png; path = doggo.png; sourceTree = "<group>"; };
		14824C441FBA5287007427A6 /* cat.png */ = {isa = PBXFileReference; lastKnownFileType = image.png; path = cat.png; sourceTree = "<group>"; };
		14AA8C281FAFB67F00023C0E /* FacebookViewController.swift */ = {isa = PBXFileReference; lastKnownFileType = sourcecode.swift; path = FacebookViewController.swift; sourceTree = "<group>"; };
		14D496C41F9C6C790091D81D /* smiley.app */ = {isa = PBXFileReference; explicitFileType = wrapper.application; includeInIndex = 0; path = smiley.app; sourceTree = BUILT_PRODUCTS_DIR; };
		14D496C71F9C6C790091D81D /* AppDelegate.swift */ = {isa = PBXFileReference; lastKnownFileType = sourcecode.swift; path = AppDelegate.swift; sourceTree = "<group>"; };
		14D496C91F9C6C790091D81D /* VideoSelectionController.swift */ = {isa = PBXFileReference; lastKnownFileType = sourcecode.swift; path = VideoSelectionController.swift; sourceTree = "<group>"; };
		14D496CC1F9C6C790091D81D /* Base */ = {isa = PBXFileReference; lastKnownFileType = file.storyboard; name = Base; path = Base.lproj/Main.storyboard; sourceTree = "<group>"; };
		14D496D11F9C6C790091D81D /* Assets.xcassets */ = {isa = PBXFileReference; lastKnownFileType = folder.assetcatalog; path = Assets.xcassets; sourceTree = "<group>"; };
		14D496D41F9C6C790091D81D /* Base */ = {isa = PBXFileReference; lastKnownFileType = file.storyboard; name = Base; path = Base.lproj/LaunchScreen.storyboard; sourceTree = "<group>"; };
		14D496D61F9C6C790091D81D /* Info.plist */ = {isa = PBXFileReference; lastKnownFileType = text.plist.xml; path = Info.plist; sourceTree = "<group>"; };
		14D496DB1F9C6C790091D81D /* smileyTests.xctest */ = {isa = PBXFileReference; explicitFileType = wrapper.cfbundle; includeInIndex = 0; path = smileyTests.xctest; sourceTree = BUILT_PRODUCTS_DIR; };
		14D496DF1F9C6C790091D81D /* smileyTests.swift */ = {isa = PBXFileReference; lastKnownFileType = sourcecode.swift; path = smileyTests.swift; sourceTree = "<group>"; };
		14D496E11F9C6C790091D81D /* Info.plist */ = {isa = PBXFileReference; lastKnownFileType = text.plist.xml; path = Info.plist; sourceTree = "<group>"; };
		14D496E61F9C6C790091D81D /* smileyUITests.xctest */ = {isa = PBXFileReference; explicitFileType = wrapper.cfbundle; includeInIndex = 0; path = smileyUITests.xctest; sourceTree = BUILT_PRODUCTS_DIR; };
		14D496EA1F9C6C790091D81D /* smileyUITests.swift */ = {isa = PBXFileReference; lastKnownFileType = sourcecode.swift; path = smileyUITests.swift; sourceTree = "<group>"; };
		14D496EC1F9C6C790091D81D /* Info.plist */ = {isa = PBXFileReference; lastKnownFileType = text.plist.xml; path = Info.plist; sourceTree = "<group>"; };
		14D496FA1F9C6E690091D81D /* MainViewController.swift */ = {isa = PBXFileReference; lastKnownFileType = sourcecode.swift; path = MainViewController.swift; sourceTree = "<group>"; };
		173EF14EB3828CC3B3AD885A /* Pods_smileyTests.framework */ = {isa = PBXFileReference; explicitFileType = wrapper.framework; includeInIndex = 0; path = Pods_smileyTests.framework; sourceTree = BUILT_PRODUCTS_DIR; };
		243AD07E0F115A64957CE159 /* Pods_smileyUITests.framework */ = {isa = PBXFileReference; explicitFileType = wrapper.framework; includeInIndex = 0; path = Pods_smileyUITests.framework; sourceTree = BUILT_PRODUCTS_DIR; };
		6CFF2EF0B439DCE0DE2DD9C3 /* Pods-smiley.debug.xcconfig */ = {isa = PBXFileReference; includeInIndex = 1; lastKnownFileType = text.xcconfig; name = "Pods-smiley.debug.xcconfig"; path = "Pods/Target Support Files/Pods-smiley/Pods-smiley.debug.xcconfig"; sourceTree = "<group>"; };
		A1A390AE89E46646140E3619 /* Pods-smiley.release.xcconfig */ = {isa = PBXFileReference; includeInIndex = 1; lastKnownFileType = text.xcconfig; name = "Pods-smiley.release.xcconfig"; path = "Pods/Target Support Files/Pods-smiley/Pods-smiley.release.xcconfig"; sourceTree = "<group>"; };
		E89CE66DD0ED1471F5A225F0 /* Pods_smiley.framework */ = {isa = PBXFileReference; explicitFileType = wrapper.framework; includeInIndex = 0; path = Pods_smiley.framework; sourceTree = BUILT_PRODUCTS_DIR; };
/* End PBXFileReference section */

/* Begin PBXFrameworksBuildPhase section */
		14D496C11F9C6C790091D81D /* Frameworks */ = {
			isa = PBXFrameworksBuildPhase;
			buildActionMask = 2147483647;
			files = (
				F21968BD3AF238E40EB4B25E /* Pods_smiley.framework in Frameworks */,
			);
			runOnlyForDeploymentPostprocessing = 0;
		};
		14D496D81F9C6C790091D81D /* Frameworks */ = {
			isa = PBXFrameworksBuildPhase;
			buildActionMask = 2147483647;
			files = (
			);
			runOnlyForDeploymentPostprocessing = 0;
		};
		14D496E31F9C6C790091D81D /* Frameworks */ = {
			isa = PBXFrameworksBuildPhase;
			buildActionMask = 2147483647;
			files = (
			);
			runOnlyForDeploymentPostprocessing = 0;
		};
/* End PBXFrameworksBuildPhase section */

/* Begin PBXGroup section */
		141783DA1FAFAF3B00F98849 /* Images */ = {
			isa = PBXGroup;
			children = (
				14824C441FBA5287007427A6 /* cat.png */,
				14824C431FBA5287007427A6 /* doggo.png */,
			);
			path = Images;
			sourceTree = "<group>";
		};
		14D496BB1F9C6C790091D81D = {
			isa = PBXGroup;
			children = (
				14D496C61F9C6C790091D81D /* smiley */,
				14D496DE1F9C6C790091D81D /* smileyTests */,
				14D496E91F9C6C790091D81D /* smileyUITests */,
				14D496C51F9C6C790091D81D /* Products */,
				58079D9245F62707466184C0 /* Frameworks */,
				CB87495953CF011C1D786215 /* Pods */,
			);
			sourceTree = "<group>";
		};
		14D496C51F9C6C790091D81D /* Products */ = {
			isa = PBXGroup;
			children = (
				14D496C41F9C6C790091D81D /* smiley.app */,
				14D496DB1F9C6C790091D81D /* smileyTests.xctest */,
				14D496E61F9C6C790091D81D /* smileyUITests.xctest */,
			);
			name = Products;
			sourceTree = "<group>";
		};
		14D496C61F9C6C790091D81D /* smiley */ = {
			isa = PBXGroup;
			children = (
				141783DA1FAFAF3B00F98849 /* Images */,
				14D496C71F9C6C790091D81D /* AppDelegate.swift */,
				14D496C91F9C6C790091D81D /* VideoSelectionController.swift */,
				141783D21FAF9C0A00F98849 /* FaceDetection.swift */,
				14AA8C281FAFB67F00023C0E /* FacebookViewController.swift */,
				14D496FA1F9C6E690091D81D /* MainViewController.swift */,
				14D496CB1F9C6C790091D81D /* Main.storyboard */,
				14D496D11F9C6C790091D81D /* Assets.xcassets */,
				14D496D31F9C6C790091D81D /* LaunchScreen.storyboard */,
				14D496D61F9C6C790091D81D /* Info.plist */,
			);
			path = smiley;
			sourceTree = "<group>";
		};
		14D496DE1F9C6C790091D81D /* smileyTests */ = {
			isa = PBXGroup;
			children = (
				14D496DF1F9C6C790091D81D /* smileyTests.swift */,
				14D496E11F9C6C790091D81D /* Info.plist */,
			);
			path = smileyTests;
			sourceTree = "<group>";
		};
		14D496E91F9C6C790091D81D /* smileyUITests */ = {
			isa = PBXGroup;
			children = (
				14D496EA1F9C6C790091D81D /* smileyUITests.swift */,
				14D496EC1F9C6C790091D81D /* Info.plist */,
			);
			path = smileyUITests;
			sourceTree = "<group>";
		};
		58079D9245F62707466184C0 /* Frameworks */ = {
			isa = PBXGroup;
			children = (
				E89CE66DD0ED1471F5A225F0 /* Pods_smiley.framework */,
				173EF14EB3828CC3B3AD885A /* Pods_smileyTests.framework */,
				243AD07E0F115A64957CE159 /* Pods_smileyUITests.framework */,
			);
			name = Frameworks;
			sourceTree = "<group>";
		};
		CB87495953CF011C1D786215 /* Pods */ = {
			isa = PBXGroup;
			children = (
				6CFF2EF0B439DCE0DE2DD9C3 /* Pods-smiley.debug.xcconfig */,
				A1A390AE89E46646140E3619 /* Pods-smiley.release.xcconfig */,
			);
			name = Pods;
			sourceTree = "<group>";
		};
/* End PBXGroup section */

/* Begin PBXNativeTarget section */
		14D496C31F9C6C790091D81D /* smiley */ = {
			isa = PBXNativeTarget;
			buildConfigurationList = 14D496EF1F9C6C790091D81D /* Build configuration list for PBXNativeTarget "smiley" */;
			buildPhases = (
				5FC06521713FA1455120AFDD /* [CP] Check Pods Manifest.lock */,
				14D496C01F9C6C790091D81D /* Sources */,
				14D496C11F9C6C790091D81D /* Frameworks */,
				14D496C21F9C6C790091D81D /* Resources */,
				636BDF78ADC671A562F3E7C4 /* [CP] Embed Pods Frameworks */,
				9C381A94182A32EBEC41EF1F /* [CP] Copy Pods Resources */,
			);
			buildRules = (
			);
			dependencies = (
			);
			name = smiley;
			productName = smiley;
			productReference = 14D496C41F9C6C790091D81D /* smiley.app */;
			productType = "com.apple.product-type.application";
		};
		14D496DA1F9C6C790091D81D /* smileyTests */ = {
			isa = PBXNativeTarget;
			buildConfigurationList = 14D496F21F9C6C790091D81D /* Build configuration list for PBXNativeTarget "smileyTests" */;
			buildPhases = (
				14D496D71F9C6C790091D81D /* Sources */,
				14D496D81F9C6C790091D81D /* Frameworks */,
				14D496D91F9C6C790091D81D /* Resources */,
			);
			buildRules = (
			);
			dependencies = (
				14D496DD1F9C6C790091D81D /* PBXTargetDependency */,
			);
			name = smileyTests;
			productName = smileyTests;
			productReference = 14D496DB1F9C6C790091D81D /* smileyTests.xctest */;
			productType = "com.apple.product-type.bundle.unit-test";
		};
		14D496E51F9C6C790091D81D /* smileyUITests */ = {
			isa = PBXNativeTarget;
			buildConfigurationList = 14D496F51F9C6C790091D81D /* Build configuration list for PBXNativeTarget "smileyUITests" */;
			buildPhases = (
				14D496E21F9C6C790091D81D /* Sources */,
				14D496E31F9C6C790091D81D /* Frameworks */,
				14D496E41F9C6C790091D81D /* Resources */,
			);
			buildRules = (
			);
			dependencies = (
				14D496E81F9C6C790091D81D /* PBXTargetDependency */,
			);
			name = smileyUITests;
			productName = smileyUITests;
			productReference = 14D496E61F9C6C790091D81D /* smileyUITests.xctest */;
			productType = "com.apple.product-type.bundle.ui-testing";
		};
/* End PBXNativeTarget section */

/* Begin PBXProject section */
		14D496BC1F9C6C790091D81D /* Project object */ = {
			isa = PBXProject;
			attributes = {
				LastSwiftUpdateCheck = 0900;
				LastUpgradeCheck = 0900;
				ORGANIZATIONNAME = Sean;
				TargetAttributes = {
					14D496C31F9C6C790091D81D = {
						CreatedOnToolsVersion = 9.0;
						ProvisioningStyle = Automatic;
					};
					14D496DA1F9C6C790091D81D = {
						CreatedOnToolsVersion = 9.0;
						ProvisioningStyle = Automatic;
						TestTargetID = 14D496C31F9C6C790091D81D;
					};
					14D496E51F9C6C790091D81D = {
						CreatedOnToolsVersion = 9.0;
						ProvisioningStyle = Automatic;
						TestTargetID = 14D496C31F9C6C790091D81D;
					};
				};
			};
			buildConfigurationList = 14D496BF1F9C6C790091D81D /* Build configuration list for PBXProject "smiley" */;
			compatibilityVersion = "Xcode 8.0";
			developmentRegion = en;
			hasScannedForEncodings = 0;
			knownRegions = (
				en,
				Base,
			);
			mainGroup = 14D496BB1F9C6C790091D81D;
			productRefGroup = 14D496C51F9C6C790091D81D /* Products */;
			projectDirPath = "";
			projectRoot = "";
			targets = (
				14D496C31F9C6C790091D81D /* smiley */,
				14D496DA1F9C6C790091D81D /* smileyTests */,
				14D496E51F9C6C790091D81D /* smileyUITests */,
			);
		};
/* End PBXProject section */

/* Begin PBXResourcesBuildPhase section */
		14D496C21F9C6C790091D81D /* Resources */ = {
			isa = PBXResourcesBuildPhase;
			buildActionMask = 2147483647;
			files = (
				14824C461FBA5287007427A6 /* cat.png in Resources */,
				14824C451FBA5287007427A6 /* doggo.png in Resources */,
				14D496D51F9C6C790091D81D /* LaunchScreen.storyboard in Resources */,
				14D496D21F9C6C790091D81D /* Assets.xcassets in Resources */,
				14D496CD1F9C6C790091D81D /* Main.storyboard in Resources */,
			);
			runOnlyForDeploymentPostprocessing = 0;
		};
		14D496D91F9C6C790091D81D /* Resources */ = {
			isa = PBXResourcesBuildPhase;
			buildActionMask = 2147483647;
			files = (
			);
			runOnlyForDeploymentPostprocessing = 0;
		};
		14D496E41F9C6C790091D81D /* Resources */ = {
			isa = PBXResourcesBuildPhase;
			buildActionMask = 2147483647;
			files = (
			);
			runOnlyForDeploymentPostprocessing = 0;
		};
/* End PBXResourcesBuildPhase section */

/* Begin PBXShellScriptBuildPhase section */
		5FC06521713FA1455120AFDD /* [CP] Check Pods Manifest.lock */ = {
			isa = PBXShellScriptBuildPhase;
			buildActionMask = 2147483647;
			files = (
			);
			inputPaths = (
				"${PODS_PODFILE_DIR_PATH}/Podfile.lock",
				"${PODS_ROOT}/Manifest.lock",
			);
			name = "[CP] Check Pods Manifest.lock";
			outputPaths = (
				"$(DERIVED_FILE_DIR)/Pods-smiley-checkManifestLockResult.txt",
			);
			runOnlyForDeploymentPostprocessing = 0;
			shellPath = /bin/sh;
			shellScript = "diff \"${PODS_PODFILE_DIR_PATH}/Podfile.lock\" \"${PODS_ROOT}/Manifest.lock\" > /dev/null\nif [ $? != 0 ] ; then\n    # print error to STDERR\n    echo \"error: The sandbox is not in sync with the Podfile.lock. Run 'pod install' or update your CocoaPods installation.\" >&2\n    exit 1\nfi\n# This output is used by Xcode 'outputs' to avoid re-running this script phase.\necho \"SUCCESS\" > \"${SCRIPT_OUTPUT_FILE_0}\"\n";
			showEnvVarsInLog = 0;
		};
		636BDF78ADC671A562F3E7C4 /* [CP] Embed Pods Frameworks */ = {
			isa = PBXShellScriptBuildPhase;
			buildActionMask = 2147483647;
			files = (
			);
			inputPaths = (
				"${SRCROOT}/Pods/Target Support Files/Pods-smiley/Pods-smiley-frameworks.sh",
				"${BUILT_PRODUCTS_DIR}/Bolts/Bolts.framework",
				"${BUILT_PRODUCTS_DIR}/FBSDKCoreKit/FBSDKCoreKit.framework",
				"${BUILT_PRODUCTS_DIR}/FBSDKLoginKit/FBSDKLoginKit.framework",
				"${BUILT_PRODUCTS_DIR}/FBSDKShareKit/FBSDKShareKit.framework",
			);
			name = "[CP] Embed Pods Frameworks";
			outputPaths = (
				"${TARGET_BUILD_DIR}/${FRAMEWORKS_FOLDER_PATH}/Bolts.framework",
				"${TARGET_BUILD_DIR}/${FRAMEWORKS_FOLDER_PATH}/FBSDKCoreKit.framework",
				"${TARGET_BUILD_DIR}/${FRAMEWORKS_FOLDER_PATH}/FBSDKLoginKit.framework",
				"${TARGET_BUILD_DIR}/${FRAMEWORKS_FOLDER_PATH}/FBSDKShareKit.framework",
			);
			runOnlyForDeploymentPostprocessing = 0;
			shellPath = /bin/sh;
			shellScript = "\"${SRCROOT}/Pods/Target Support Files/Pods-smiley/Pods-smiley-frameworks.sh\"\n";
			showEnvVarsInLog = 0;
		};
		9C381A94182A32EBEC41EF1F /* [CP] Copy Pods Resources */ = {
			isa = PBXShellScriptBuildPhase;
			buildActionMask = 2147483647;
			files = (
			);
			inputPaths = (
			);
			name = "[CP] Copy Pods Resources";
			outputPaths = (
			);
			runOnlyForDeploymentPostprocessing = 0;
			shellPath = /bin/sh;
			shellScript = "\"${SRCROOT}/Pods/Target Support Files/Pods-smiley/Pods-smiley-resources.sh\"\n";
			showEnvVarsInLog = 0;
		};
/* End PBXShellScriptBuildPhase section */

/* Begin PBXSourcesBuildPhase section */
		14D496C01F9C6C790091D81D /* Sources */ = {
			isa = PBXSourcesBuildPhase;
			buildActionMask = 2147483647;
			files = (
				141783D31FAF9C0A00F98849 /* FaceDetection.swift in Sources */,
				14D496CA1F9C6C790091D81D /* VideoSelectionController.swift in Sources */,
				14AA8C291FAFB67F00023C0E /* FacebookViewController.swift in Sources */,
				14D496C81F9C6C790091D81D /* AppDelegate.swift in Sources */,
				14D496FB1F9C6E690091D81D /* MainViewController.swift in Sources */,
			);
			runOnlyForDeploymentPostprocessing = 0;
		};
		14D496D71F9C6C790091D81D /* Sources */ = {
			isa = PBXSourcesBuildPhase;
			buildActionMask = 2147483647;
			files = (
				14D496E01F9C6C790091D81D /* smileyTests.swift in Sources */,
			);
			runOnlyForDeploymentPostprocessing = 0;
		};
		14D496E21F9C6C790091D81D /* Sources */ = {
			isa = PBXSourcesBuildPhase;
			buildActionMask = 2147483647;
			files = (
				14D496EB1F9C6C790091D81D /* smileyUITests.swift in Sources */,
			);
			runOnlyForDeploymentPostprocessing = 0;
		};
/* End PBXSourcesBuildPhase section */

/* Begin PBXTargetDependency section */
		14D496DD1F9C6C790091D81D /* PBXTargetDependency */ = {
			isa = PBXTargetDependency;
			target = 14D496C31F9C6C790091D81D /* smiley */;
			targetProxy = 14D496DC1F9C6C790091D81D /* PBXContainerItemProxy */;
		};
		14D496E81F9C6C790091D81D /* PBXTargetDependency */ = {
			isa = PBXTargetDependency;
			target = 14D496C31F9C6C790091D81D /* smiley */;
			targetProxy = 14D496E71F9C6C790091D81D /* PBXContainerItemProxy */;
		};
/* End PBXTargetDependency section */

/* Begin PBXVariantGroup section */
		14D496CB1F9C6C790091D81D /* Main.storyboard */ = {
			isa = PBXVariantGroup;
			children = (
				14D496CC1F9C6C790091D81D /* Base */,
			);
			name = Main.storyboard;
			sourceTree = "<group>";
		};
		14D496D31F9C6C790091D81D /* LaunchScreen.storyboard */ = {
			isa = PBXVariantGroup;
			children = (
				14D496D41F9C6C790091D81D /* Base */,
			);
			name = LaunchScreen.storyboard;
			sourceTree = "<group>";
		};
/* End PBXVariantGroup section */

/* Begin XCBuildConfiguration section */
		14D496ED1F9C6C790091D81D /* Debug */ = {
			isa = XCBuildConfiguration;
			buildSettings = {
				ALWAYS_SEARCH_USER_PATHS = NO;
				CLANG_ANALYZER_NONNULL = YES;
				CLANG_ANALYZER_NUMBER_OBJECT_CONVERSION = YES_AGGRESSIVE;
				CLANG_CXX_LANGUAGE_STANDARD = "gnu++14";
				CLANG_CXX_LIBRARY = "libc++";
				CLANG_ENABLE_MODULES = YES;
				CLANG_ENABLE_OBJC_ARC = YES;
				CLANG_WARN_BLOCK_CAPTURE_AUTORELEASING = YES;
				CLANG_WARN_BOOL_CONVERSION = YES;
				CLANG_WARN_COMMA = YES;
				CLANG_WARN_CONSTANT_CONVERSION = YES;
				CLANG_WARN_DIRECT_OBJC_ISA_USAGE = YES_ERROR;
				CLANG_WARN_DOCUMENTATION_COMMENTS = YES;
				CLANG_WARN_EMPTY_BODY = YES;
				CLANG_WARN_ENUM_CONVERSION = YES;
				CLANG_WARN_INFINITE_RECURSION = YES;
				CLANG_WARN_INT_CONVERSION = YES;
				CLANG_WARN_NON_LITERAL_NULL_CONVERSION = YES;
				CLANG_WARN_OBJC_LITERAL_CONVERSION = YES;
				CLANG_WARN_OBJC_ROOT_CLASS = YES_ERROR;
				CLANG_WARN_RANGE_LOOP_ANALYSIS = YES;
				CLANG_WARN_STRICT_PROTOTYPES = YES;
				CLANG_WARN_SUSPICIOUS_MOVE = YES;
				CLANG_WARN_UNGUARDED_AVAILABILITY = YES_AGGRESSIVE;
				CLANG_WARN_UNREACHABLE_CODE = YES;
				CLANG_WARN__DUPLICATE_METHOD_MATCH = YES;
				CODE_SIGN_IDENTITY = "iPhone Developer";
				COPY_PHASE_STRIP = NO;
				DEBUG_INFORMATION_FORMAT = dwarf;
				ENABLE_STRICT_OBJC_MSGSEND = YES;
				ENABLE_TESTABILITY = YES;
				GCC_C_LANGUAGE_STANDARD = gnu11;
				GCC_DYNAMIC_NO_PIC = NO;
				GCC_NO_COMMON_BLOCKS = YES;
				GCC_OPTIMIZATION_LEVEL = 0;
				GCC_PREPROCESSOR_DEFINITIONS = (
					"DEBUG=1",
					"$(inherited)",
				);
				GCC_WARN_64_TO_32_BIT_CONVERSION = YES;
				GCC_WARN_ABOUT_RETURN_TYPE = YES_ERROR;
				GCC_WARN_UNDECLARED_SELECTOR = YES;
				GCC_WARN_UNINITIALIZED_AUTOS = YES_AGGRESSIVE;
				GCC_WARN_UNUSED_FUNCTION = YES;
				GCC_WARN_UNUSED_VARIABLE = YES;
				IPHONEOS_DEPLOYMENT_TARGET = 11.0;
				MTL_ENABLE_DEBUG_INFO = YES;
				ONLY_ACTIVE_ARCH = YES;
				SDKROOT = iphoneos;
				SWIFT_ACTIVE_COMPILATION_CONDITIONS = DEBUG;
				SWIFT_OPTIMIZATION_LEVEL = "-Onone";
			};
			name = Debug;
		};
		14D496EE1F9C6C790091D81D /* Release */ = {
			isa = XCBuildConfiguration;
			buildSettings = {
				ALWAYS_SEARCH_USER_PATHS = NO;
				CLANG_ANALYZER_NONNULL = YES;
				CLANG_ANALYZER_NUMBER_OBJECT_CONVERSION = YES_AGGRESSIVE;
				CLANG_CXX_LANGUAGE_STANDARD = "gnu++14";
				CLANG_CXX_LIBRARY = "libc++";
				CLANG_ENABLE_MODULES = YES;
				CLANG_ENABLE_OBJC_ARC = YES;
				CLANG_WARN_BLOCK_CAPTURE_AUTORELEASING = YES;
				CLANG_WARN_BOOL_CONVERSION = YES;
				CLANG_WARN_COMMA = YES;
				CLANG_WARN_CONSTANT_CONVERSION = YES;
				CLANG_WARN_DIRECT_OBJC_ISA_USAGE = YES_ERROR;
				CLANG_WARN_DOCUMENTATION_COMMENTS = YES;
				CLANG_WARN_EMPTY_BODY = YES;
				CLANG_WARN_ENUM_CONVERSION = YES;
				CLANG_WARN_INFINITE_RECURSION = YES;
				CLANG_WARN_INT_CONVERSION = YES;
				CLANG_WARN_NON_LITERAL_NULL_CONVERSION = YES;
				CLANG_WARN_OBJC_LITERAL_CONVERSION = YES;
				CLANG_WARN_OBJC_ROOT_CLASS = YES_ERROR;
				CLANG_WARN_RANGE_LOOP_ANALYSIS = YES;
				CLANG_WARN_STRICT_PROTOTYPES = YES;
				CLANG_WARN_SUSPICIOUS_MOVE = YES;
				CLANG_WARN_UNGUARDED_AVAILABILITY = YES_AGGRESSIVE;
				CLANG_WARN_UNREACHABLE_CODE = YES;
				CLANG_WARN__DUPLICATE_METHOD_MATCH = YES;
				CODE_SIGN_IDENTITY = "iPhone Developer";
				COPY_PHASE_STRIP = NO;
				DEBUG_INFORMATION_FORMAT = "dwarf-with-dsym";
				ENABLE_NS_ASSERTIONS = NO;
				ENABLE_STRICT_OBJC_MSGSEND = YES;
				GCC_C_LANGUAGE_STANDARD = gnu11;
				GCC_NO_COMMON_BLOCKS = YES;
				GCC_WARN_64_TO_32_BIT_CONVERSION = YES;
				GCC_WARN_ABOUT_RETURN_TYPE = YES_ERROR;
				GCC_WARN_UNDECLARED_SELECTOR = YES;
				GCC_WARN_UNINITIALIZED_AUTOS = YES_AGGRESSIVE;
				GCC_WARN_UNUSED_FUNCTION = YES;
				GCC_WARN_UNUSED_VARIABLE = YES;
				IPHONEOS_DEPLOYMENT_TARGET = 11.0;
				MTL_ENABLE_DEBUG_INFO = NO;
				SDKROOT = iphoneos;
				SWIFT_OPTIMIZATION_LEVEL = "-Owholemodule";
				VALIDATE_PRODUCT = YES;
			};
			name = Release;
		};
		14D496F01F9C6C790091D81D /* Debug */ = {
			isa = XCBuildConfiguration;
			baseConfigurationReference = 6CFF2EF0B439DCE0DE2DD9C3 /* Pods-smiley.debug.xcconfig */;
			buildSettings = {
				ASSETCATALOG_COMPILER_APPICON_NAME = AppIcon;
				"CODE_SIGN_IDENTITY[sdk=iphoneos*]" = "iPhone Developer";
				CODE_SIGN_STYLE = Automatic;
				DEVELOPMENT_TEAM = VU8BZ32U73;
				INFOPLIST_FILE = smiley/Info.plist;
				LD_RUNPATH_SEARCH_PATHS = "$(inherited) @executable_path/Frameworks";
				PRODUCT_BUNDLE_IDENTIFIER = com.puzzledsean.smiley;
				PRODUCT_NAME = "$(TARGET_NAME)";
				PROVISIONING_PROFILE_SPECIFIER = "";
				SWIFT_VERSION = 4.0;
				TARGETED_DEVICE_FAMILY = "1,2";
			};
			name = Debug;
		};
		14D496F11F9C6C790091D81D /* Release */ = {
			isa = XCBuildConfiguration;
			baseConfigurationReference = A1A390AE89E46646140E3619 /* Pods-smiley.release.xcconfig */;
			buildSettings = {
				ASSETCATALOG_COMPILER_APPICON_NAME = AppIcon;
				"CODE_SIGN_IDENTITY[sdk=iphoneos*]" = "iPhone Developer";
				CODE_SIGN_STYLE = Automatic;
				DEVELOPMENT_TEAM = VU8BZ32U73;
				INFOPLIST_FILE = smiley/Info.plist;
				LD_RUNPATH_SEARCH_PATHS = "$(inherited) @executable_path/Frameworks";
				PRODUCT_BUNDLE_IDENTIFIER = com.puzzledsean.smiley;
				PRODUCT_NAME = "$(TARGET_NAME)";
				PROVISIONING_PROFILE_SPECIFIER = "";
				SWIFT_VERSION = 4.0;
				TARGETED_DEVICE_FAMILY = "1,2";
			};
			name = Release;
		};
		14D496F31F9C6C790091D81D /* Debug */ = {
			isa = XCBuildConfiguration;
			buildSettings = {
				ALWAYS_EMBED_SWIFT_STANDARD_LIBRARIES = YES;
				BUNDLE_LOADER = "$(TEST_HOST)";
				CODE_SIGN_STYLE = Automatic;
				DEVELOPMENT_TEAM = VU8BZ32U73;
				INFOPLIST_FILE = smileyTests/Info.plist;
				LD_RUNPATH_SEARCH_PATHS = "$(inherited) @executable_path/Frameworks @loader_path/Frameworks";
				PRODUCT_BUNDLE_IDENTIFIER = com.puzzledsean.smileyTests;
				PRODUCT_NAME = "$(TARGET_NAME)";
				SWIFT_VERSION = 4.0;
				TARGETED_DEVICE_FAMILY = "1,2";
				TEST_HOST = "$(BUILT_PRODUCTS_DIR)/smiley.app/smiley";
			};
			name = Debug;
		};
		14D496F41F9C6C790091D81D /* Release */ = {
			isa = XCBuildConfiguration;
			buildSettings = {
				ALWAYS_EMBED_SWIFT_STANDARD_LIBRARIES = YES;
				BUNDLE_LOADER = "$(TEST_HOST)";
				CODE_SIGN_STYLE = Automatic;
				DEVELOPMENT_TEAM = VU8BZ32U73;
				INFOPLIST_FILE = smileyTests/Info.plist;
				LD_RUNPATH_SEARCH_PATHS = "$(inherited) @executable_path/Frameworks @loader_path/Frameworks";
				PRODUCT_BUNDLE_IDENTIFIER = com.puzzledsean.smileyTests;
				PRODUCT_NAME = "$(TARGET_NAME)";
				SWIFT_VERSION = 4.0;
				TARGETED_DEVICE_FAMILY = "1,2";
				TEST_HOST = "$(BUILT_PRODUCTS_DIR)/smiley.app/smiley";
			};
			name = Release;
		};
		14D496F61F9C6C790091D81D /* Debug */ = {
			isa = XCBuildConfiguration;
			buildSettings = {
				ALWAYS_EMBED_SWIFT_STANDARD_LIBRARIES = YES;
				CODE_SIGN_STYLE = Automatic;
				DEVELOPMENT_TEAM = VU8BZ32U73;
				INFOPLIST_FILE = smileyUITests/Info.plist;
				LD_RUNPATH_SEARCH_PATHS = "$(inherited) @executable_path/Frameworks @loader_path/Frameworks";
				PRODUCT_BUNDLE_IDENTIFIER = com.puzzledsean.smileyUITests;
				PRODUCT_NAME = "$(TARGET_NAME)";
				SWIFT_VERSION = 4.0;
				TARGETED_DEVICE_FAMILY = "1,2";
				TEST_TARGET_NAME = smiley;
			};
			name = Debug;
		};
		14D496F71F9C6C790091D81D /* Release */ = {
			isa = XCBuildConfiguration;
			buildSettings = {
				ALWAYS_EMBED_SWIFT_STANDARD_LIBRARIES = YES;
				CODE_SIGN_STYLE = Automatic;
				DEVELOPMENT_TEAM = VU8BZ32U73;
				INFOPLIST_FILE = smileyUITests/Info.plist;
				LD_RUNPATH_SEARCH_PATHS = "$(inherited) @executable_path/Frameworks @loader_path/Frameworks";
				PRODUCT_BUNDLE_IDENTIFIER = com.puzzledsean.smileyUITests;
				PRODUCT_NAME = "$(TARGET_NAME)";
				SWIFT_VERSION = 4.0;
				TARGETED_DEVICE_FAMILY = "1,2";
				TEST_TARGET_NAME = smiley;
			};
			name = Release;
		};
/* End XCBuildConfiguration section */

/* Begin XCConfigurationList section */
		14D496BF1F9C6C790091D81D /* Build configuration list for PBXProject "smiley" */ = {
			isa = XCConfigurationList;
			buildConfigurations = (
				14D496ED1F9C6C790091D81D /* Debug */,
				14D496EE1F9C6C790091D81D /* Release */,
			);
			defaultConfigurationIsVisible = 0;
			defaultConfigurationName = Release;
		};
		14D496EF1F9C6C790091D81D /* Build configuration list for PBXNativeTarget "smiley" */ = {
			isa = XCConfigurationList;
			buildConfigurations = (
				14D496F01F9C6C790091D81D /* Debug */,
				14D496F11F9C6C790091D81D /* Release */,
			);
			defaultConfigurationIsVisible = 0;
			defaultConfigurationName = Release;
		};
		14D496F21F9C6C790091D81D /* Build configuration list for PBXNativeTarget "smileyTests" */ = {
			isa = XCConfigurationList;
			buildConfigurations = (
				14D496F31F9C6C790091D81D /* Debug */,
				14D496F41F9C6C790091D81D /* Release */,
			);
			defaultConfigurationIsVisible = 0;
			defaultConfigurationName = Release;
		};
		14D496F51F9C6C790091D81D /* Build configuration list for PBXNativeTarget "smileyUITests" */ = {
			isa = XCConfigurationList;
			buildConfigurations = (
				14D496F61F9C6C790091D81D /* Debug */,
				14D496F71F9C6C790091D81D /* Release */,
			);
			defaultConfigurationIsVisible = 0;
			defaultConfigurationName = Release;
		};
/* End XCConfigurationList section */
	};
	rootObject = 14D496BC1F9C6C790091D81D /* Project object */;
}
